
Microsoft Visual Studio Solution File, Format Version 11.00
# Visual Studio 2010
Project("{FAE04EC0-301F-11D3-BF4B-00C04F79EFBC}") = "OggVorbis", "OggVorbis.csproj", "{E004FBB0-E889-4A37-A207-DE4B32B68F78}"
EndProject
Project("{2150E333-8FDC-42A3-9474-1A3956D46DE8}") = "Solution Items", "Solution Items", "{A42988A5-D076-49BD-A9C2-A249AACF5C6A}"
	ProjectSection(SolutionItems) = preProject
		Performance1.psess = Performance1.psess
	EndProjectSection
EndProject
Global
	GlobalSection(SolutionConfigurationPlatforms) = preSolution
		Debug|x86 = Debug|x86
		Release|x86 = Release|x86
	EndGlobalSection
	GlobalSection(ProjectConfigurationPlatforms) = postSolution
		{E004FBB0-E889-4A37-A207-DE4B32B68F78}.Debug|x86.ActiveCfg = Debug|x86
		{E004FBB0-E889-4A37-A207-DE4B32B68F78}.Debug|x86.Build.0 = Debug|x86
		{E004FBB0-E889-4A37-A207-DE4B32B68F78}.Release|x86.ActiveCfg = Release|x86
		{E004FBB0-E889-4A37-A207-DE4B32B68F78}.Release|x86.Build.0 = Release|x86
	EndGlobalSection
	GlobalSection(SolutionProperties) = preSolution
		HideSolutionNode = FALSE
	EndGlobalSection
EndGlobal
